PODS:
  - cross (0.0.1)
  - GCDWebServer (3.5.4):
    - GCDWebServer/Core (= 3.5.4)
  - GCDWebServer/Core (3.5.4)

DEPENDENCIES:
  - cross (from `../../`)
  - GCDWebServer (~> 3.0)

SPEC REPOS:
  trunk:
    - GCDWebServer

EXTERNAL SOURCES:
  cross:
    :path: "../../"

SPEC CHECKSUMS:
  cross: 1d2dce8395be3c49a5a59941c1340f811117e609
  GCDWebServer: 2c156a56c8226e2d5c0c3f208a3621ccffbe3ce4

PODFILE CHECKSUM: 6d8cdef509802aefabbd582fa04f0d1af9a5965a

COCOAPODS: 1.11.2
